{
  "pins" : [
    {
      "identity" : "swifthaptics",
      "kind" : "remoteSourceControl",
      "location" : "https://github.com/pxlshpr/SwiftHaptics",
      "state" : {
        "revision" : "47ed14412dcd109f124cb7b3b88e3fc8f60569e7",
        "version" : "0.1.2"
      }
    },
    {
      "identity" : "swiftsugar",
      "kind" : "remoteSourceControl",
      "location" : "https://github.com/pxlshpr/SwiftSugar",
      "state" : {
        "revision" : "ec4f4c280c41c6c99741e065d635c470926d75d5",
        "version" : "0.0.69"
      }
    },
    {
      "identity" : "swiftuisugar",
      "kind" : "remoteSourceControl",
      "location" : "https://github.com/pxlshpr/SwiftUISugar",
      "state" : {
        "revision" : "439700ba56418091d97d3b2d18317d7f109f216b",
        "version" : "0.0.194"
      }
    },
    {
      "identity" : "visionsugar",
      "kind" : "remoteSourceControl",
      "location" : "https://github.com/pxlshpr/VisionSugar",
      "state" : {
        "revision" : "240da8f4eff92d36429472a8ea63144f262174b7",
        "version" : "0.0.72"
      }
    }
  ],
  "version" : 2
}
